// !$*UTF8*$!
{
	archiveVersion = 1;
	classes = {
	};
	objectVersion = 55;
	objects = {

/* Begin PBXBuildFile section */
		280CD4B227F83B98005BB205 /* StartWindow.xib in Resources */ = {isa = PBXBuildFile; fileRef = 280CD4B127F83B98005BB205 /* StartWindow.xib */; };
		280CD4C327F86EC1005BB205 /* DevTableViewController.m in Sources */ = {isa = PBXBuildFile; fileRef = 280CD4C227F86EC1005BB205 /* DevTableViewController.m */; };
		280CD4C727F8768F005BB205 /* libpcap.tbd in Frameworks */ = {isa = PBXBuildFile; fileRef = 280CD4C527F8768F005BB205 /* libpcap.tbd */; };
		280CD4C827F8768F005BB205 /* libpcap.A.tbd in Frameworks */ = {isa = PBXBuildFile; fileRef = 280CD4C627F8768F005BB205 /* libpcap.A.tbd */; };
		280CD4FF27F9A086005BB205 /* Cocoa.framework in Frameworks */ = {isa = PBXBuildFile; fileRef = 280CD4FE27F9A086005BB205 /* Cocoa.framework */; };
		284A1B5B28002A3F00BDDB04 /* HttpHeader.m in Sources */ = {isa = PBXBuildFile; fileRef = 284A1B5A28002A3F00BDDB04 /* HttpHeader.m */; };
		28556C5C27FDD63D00C0965A /* Device.m in Sources */ = {isa = PBXBuildFile; fileRef = 28556C5B27FDD63D00C0965A /* Device.m */; };
		28556C5F27FDD99F00C0965A /* Data.m in Sources */ = {isa = PBXBuildFile; fileRef = 28556C5E27FDD99F00C0965A /* Data.m */; };
		28556C6227FE9E8C00C0965A /* ICMPHeader.m in Sources */ = {isa = PBXBuildFile; fileRef = 28556C6127FE9E8C00C0965A /* ICMPHeader.m */; };
		28859D4727FD73DC001505A5 /* OutLineViewItem.m in Sources */ = {isa = PBXBuildFile; fileRef = 28859D4627FD73DC001505A5 /* OutLineViewItem.m */; };
		289935BA27F0B73F00E1BAB8 /* AppDelegate.m in Sources */ = {isa = PBXBuildFile; fileRef = 289935B927F0B73F00E1BAB8 /* AppDelegate.m */; };
		289935BC27F0B74100E1BAB8 /* Assets.xcassets in Resources */ = {isa = PBXBuildFile; fileRef = 289935BB27F0B74100E1BAB8 /* Assets.xcassets */; };
		289935BF27F0B74100E1BAB8 /* MainMenu.xib in Resources */ = {isa = PBXBuildFile; fileRef = 289935BD27F0B74100E1BAB8 /* MainMenu.xib */; };
		289935C127F0B74100E1BAB8 /* main.m in Sources */ = {isa = PBXBuildFile; fileRef = 289935C027F0B74100E1BAB8 /* main.m */; };
		2899362727F1AC5700E1BAB8 /* TableViewController.m in Sources */ = {isa = PBXBuildFile; fileRef = 2899362627F1AC5700E1BAB8 /* TableViewController.m */; };
		2899362D27F2E6CE00E1BAB8 /* OutlineViewController.m in Sources */ = {isa = PBXBuildFile; fileRef = 2899362C27F2E6CE00E1BAB8 /* OutlineViewController.m */; };
		28B5C5AF27FAA1BD00CDB12A /* IPHeader.m in Sources */ = {isa = PBXBuildFile; fileRef = 28B5C5AE27FAA1BD00CDB12A /* IPHeader.m */; };
		28B5C5B227FAD38100CDB12A /* TcpHeader.m in Sources */ = {isa = PBXBuildFile; fileRef = 28B5C5B127FAD38100CDB12A /* TcpHeader.m */; };
		28B5C5B527FAD8B300CDB12A /* EthernetHeader.m in Sources */ = {isa = PBXBuildFile; fileRef = 28B5C5B427FAD8B300CDB12A /* EthernetHeader.m */; };
		28B5C5B827FAE22100CDB12A /* UDPHeader.m in Sources */ = {isa = PBXBuildFile; fileRef = 28B5C5B727FAE22100CDB12A /* UDPHeader.m */; };
		28B5C5C427FB27FB00CDB12A /* TCPTimeStampOption.m in Sources */ = {isa = PBXBuildFile; fileRef = 28B5C5C327FB27FB00CDB12A /* TCPTimeStampOption.m */; };
		28B5C5DA27FBFFD500CDB12A /* ARPHeader.m in Sources */ = {isa = PBXBuildFile; fileRef = 28B5C5D927FBFFD500CDB12A /* ARPHeader.m */; };
		28B5C5DD27FC0F6100CDB12A /* IPv6Header.m in Sources */ = {isa = PBXBuildFile; fileRef = 28B5C5DC27FC0F6100CDB12A /* IPv6Header.m */; };
		28B5C5E027FC205D00CDB12A /* TableViewRow.m in Sources */ = {isa = PBXBuildFile; fileRef = 28B5C5DF27FC205D00CDB12A /* TableViewRow.m */; };
		28CC68C927F49A5900942CC0 /* SharedData.m in Sources */ = {isa = PBXBuildFile; fileRef = 28CC68C827F49A5900942CC0 /* SharedData.m */; };
		28CC68CC27F4A32B00942CC0 /* MainController.m in Sources */ = {isa = PBXBuildFile; fileRef = 28CC68CB27F4A32B00942CC0 /* MainController.m */; };
/* End PBXBuildFile section */

/* Begin PBXCopyFilesBuildPhase section */
		280CD4EE27F99E56005BB205 /* Copy Files */ = {
			isa = PBXCopyFilesBuildPhase;
			buildActionMask = 12;
			dstPath = Contents/Library/LaunchServices;
			dstSubfolderSpec = 1;
			files = (
			);
			name = "Copy Files";
			runOnlyForDeploymentPostprocessing = 0;
		};
/* End PBXCopyFilesBuildPhase section */

/* Begin PBXFileReference section */
		280CD4B127F83B98005BB205 /* StartWindow.xib */ = {isa = PBXFileReference; lastKnownFileType = file.xib; path = StartWindow.xib; sourceTree = "<group>"; };
		280CD4C127F86EC1005BB205 /* DevTableViewController.h */ = {isa = PBXFileReference; lastKnownFileType = sourcecode.c.h; path = DevTableViewController.h; sourceTree = "<group>"; };
		280CD4C227F86EC1005BB205 /* DevTableViewController.m */ = {isa = PBXFileReference; lastKnownFileType = sourcecode.c.objc; path = DevTableViewController.m; sourceTree = "<group>"; };
		280CD4C527F8768F005BB205 /* libpcap.tbd */ = {isa = PBXFileReference; lastKnownFileType = "sourcecode.text-based-dylib-definition"; name = libpcap.tbd; path = usr/lib/libpcap.tbd; sourceTree = SDKROOT; };
		280CD4C627F8768F005BB205 /* libpcap.A.tbd */ = {isa = PBXFileReference; lastKnownFileType = "sourcecode.text-based-dylib-definition"; name = libpcap.A.tbd; path = usr/lib/libpcap.A.tbd; sourceTree = SDKROOT; };
		280CD4D327F97581005BB205 /* ServiceManagement.framework */ = {isa = PBXFileReference; lastKnownFileType = wrapper.framework; name = ServiceManagement.framework; path = System/Library/Frameworks/ServiceManagement.framework; sourceTree = SDKROOT; };
		280CD4D527F975C1005BB205 /* Security.framework */ = {isa = PBXFileReference; lastKnownFileType = wrapper.framework; name = Security.framework; path = System/Library/Frameworks/Security.framework; sourceTree = SDKROOT; };
		280CD4FE27F9A086005BB205 /* Cocoa.framework */ = {isa = PBXFileReference; lastKnownFileType = wrapper.framework; name = Cocoa.framework; path = System/Library/Frameworks/Cocoa.framework; sourceTree = SDKROOT; };
		280CD51E27F9A47E005BB205 /* Foundation.framework */ = {isa = PBXFileReference; lastKnownFileType = wrapper.framework; name = Foundation.framework; path = System/Library/Frameworks/Foundation.framework; sourceTree = SDKROOT; };
		284A1B5928002A3F00BDDB04 /* HttpHeader.h */ = {isa = PBXFileReference; lastKnownFileType = sourcecode.c.h; path = HttpHeader.h; sourceTree = "<group>"; };
		284A1B5A28002A3F00BDDB04 /* HttpHeader.m */ = {isa = PBXFileReference; lastKnownFileType = sourcecode.c.objc; path = HttpHeader.m; sourceTree = "<group>"; };
		28556C5A27FDD63D00C0965A /* Device.h */ = {isa = PBXFileReference; fileEncoding = 4; lastKnownFileType = sourcecode.c.h; path = Device.h; sourceTree = "<group>"; };
		28556C5B27FDD63D00C0965A /* Device.m */ = {isa = PBXFileReference; fileEncoding = 4; lastKnownFileType = sourcecode.c.objc; path = Device.m; sourceTree = "<group>"; };
		28556C5D27FDD99F00C0965A /* Data.h */ = {isa = PBXFileReference; fileEncoding = 4; lastKnownFileType = sourcecode.c.h; path = Data.h; sourceTree = "<group>"; };
		28556C5E27FDD99F00C0965A /* Data.m */ = {isa = PBXFileReference; fileEncoding = 4; lastKnownFileType = sourcecode.c.objc; path = Data.m; sourceTree = "<group>"; };
		28556C6027FE9E8C00C0965A /* ICMPHeader.h */ = {isa = PBXFileReference; lastKnownFileType = sourcecode.c.h; path = ICMPHeader.h; sourceTree = "<group>"; };
		28556C6127FE9E8C00C0965A /* ICMPHeader.m */ = {isa = PBXFileReference; lastKnownFileType = sourcecode.c.objc; path = ICMPHeader.m; sourceTree = "<group>"; };
		28859D4427FC6D98001505A5 /* InfoDelegate.h */ = {isa = PBXFileReference; lastKnownFileType = sourcecode.c.h; path = InfoDelegate.h; sourceTree = "<group>"; };
		28859D4527FD73DC001505A5 /* OutLineViewItem.h */ = {isa = PBXFileReference; lastKnownFileType = sourcecode.c.h; path = OutLineViewItem.h; sourceTree = "<group>"; };
		28859D4627FD73DC001505A5 /* OutLineViewItem.m */ = {isa = PBXFileReference; lastKnownFileType = sourcecode.c.objc; path = OutLineViewItem.m; sourceTree = "<group>"; };
		28859D4827FD74A0001505A5 /* ItemDelegate.h */ = {isa = PBXFileReference; lastKnownFileType = sourcecode.c.h; path = ItemDelegate.h; sourceTree = "<group>"; };
		288F70FD27F9E64E0095806D /* AppleScriptObjC.framework */ = {isa = PBXFileReference; lastKnownFileType = wrapper.framework; name = AppleScriptObjC.framework; path = System/Library/Frameworks/AppleScriptObjC.framework; sourceTree = SDKROOT; };
		289935B527F0B73F00E1BAB8 /* Sniffer.app */ = {isa = PBXFileReference; explicitFileType = wrapper.application; includeInIndex = 0; path = Sniffer.app; sourceTree = BUILT_PRODUCTS_DIR; };
		289935B827F0B73F00E1BAB8 /* AppDelegate.h */ = {isa = PBXFileReference; lastKnownFileType = sourcecode.c.h; path = AppDelegate.h; sourceTree = "<group>"; };
		289935B927F0B73F00E1BAB8 /* AppDelegate.m */ = {isa = PBXFileReference; lastKnownFileType = sourcecode.c.objc; path = AppDelegate.m; sourceTree = "<group>"; };
		289935BB27F0B74100E1BAB8 /* Assets.xcassets */ = {isa = PBXFileReference; lastKnownFileType = folder.assetcatalog; path = Assets.xcassets; sourceTree = "<group>"; };
		289935BE27F0B74100E1BAB8 /* Base */ = {isa = PBXFileReference; lastKnownFileType = file.xib; name = Base; path = Base.lproj/MainMenu.xib; sourceTree = "<group>"; };
		289935C027F0B74100E1BAB8 /* main.m */ = {isa = PBXFileReference; lastKnownFileType = sourcecode.c.objc; path = main.m; sourceTree = "<group>"; };
		289935C227F0B74100E1BAB8 /* Sniffer.entitlements */ = {isa = PBXFileReference; lastKnownFileType = text.plist.entitlements; path = Sniffer.entitlements; sourceTree = "<group>"; };
		2899362527F1AC5700E1BAB8 /* TableViewController.h */ = {isa = PBXFileReference; lastKnownFileType = sourcecode.c.h; path = TableViewController.h; sourceTree = "<group>"; };
		2899362627F1AC5700E1BAB8 /* TableViewController.m */ = {isa = PBXFileReference; lastKnownFileType = sourcecode.c.objc; path = TableViewController.m; sourceTree = "<group>"; };
		2899362B27F2E6CE00E1BAB8 /* OutlineViewController.h */ = {isa = PBXFileReference; lastKnownFileType = sourcecode.c.h; path = OutlineViewController.h; sourceTree = "<group>"; };
		2899362C27F2E6CE00E1BAB8 /* OutlineViewController.m */ = {isa = PBXFileReference; lastKnownFileType = sourcecode.c.objc; path = OutlineViewController.m; sourceTree = "<group>"; };
		28B5C5AD27FAA1BD00CDB12A /* IPHeader.h */ = {isa = PBXFileReference; lastKnownFileType = sourcecode.c.h; path = IPHeader.h; sourceTree = "<group>"; };
		28B5C5AE27FAA1BD00CDB12A /* IPHeader.m */ = {isa = PBXFileReference; lastKnownFileType = sourcecode.c.objc; path = IPHeader.m; sourceTree = "<group>"; };
		28B5C5B027FAD38100CDB12A /* TcpHeader.h */ = {isa = PBXFileReference; explicitFileType = sourcecode.c.h; path = TcpHeader.h; sourceTree = "<group>"; };
		28B5C5B127FAD38100CDB12A /* TcpHeader.m */ = {isa = PBXFileReference; lastKnownFileType = sourcecode.c.objc; path = TcpHeader.m; sourceTree = "<group>"; };
		28B5C5B327FAD8B300CDB12A /* EthernetHeader.h */ = {isa = PBXFileReference; lastKnownFileType = sourcecode.c.h; name = EthernetHeader.h; path = Sniffer/ProtocolHeader/EthernetHeader.h; sourceTree = SOURCE_ROOT; };
		28B5C5B427FAD8B300CDB12A /* EthernetHeader.m */ = {isa = PBXFileReference; lastKnownFileType = sourcecode.c.objc; name = EthernetHeader.m; path = Sniffer/ProtocolHeader/EthernetHeader.m; sourceTree = SOURCE_ROOT; };
		28B5C5B627FAE22000CDB12A /* UDPHeader.h */ = {isa = PBXFileReference; lastKnownFileType = sourcecode.c.h; path = UDPHeader.h; sourceTree = "<group>"; };
		28B5C5B727FAE22100CDB12A /* UDPHeader.m */ = {isa = PBXFileReference; lastKnownFileType = sourcecode.c.objc; path = UDPHeader.m; sourceTree = "<group>"; };
		28B5C5BF27FB156300CDB12A /* PackegeUtils.h */ = {isa = PBXFileReference; lastKnownFileType = sourcecode.c.h; path = PackegeUtils.h; sourceTree = "<group>"; };
		28B5C5C227FB27FB00CDB12A /* TCPTimeStampOption.h */ = {isa = PBXFileReference; lastKnownFileType = sourcecode.c.h; path = TCPTimeStampOption.h; sourceTree = "<group>"; };
		28B5C5C327FB27FB00CDB12A /* TCPTimeStampOption.m */ = {isa = PBXFileReference; lastKnownFileType = sourcecode.c.objc; path = TCPTimeStampOption.m; sourceTree = "<group>"; };
		28B5C5D827FBFFD500CDB12A /* ARPHeader.h */ = {isa = PBXFileReference; lastKnownFileType = sourcecode.c.h; path = ARPHeader.h; sourceTree = "<group>"; };
		28B5C5D927FBFFD500CDB12A /* ARPHeader.m */ = {isa = PBXFileReference; lastKnownFileType = sourcecode.c.objc; path = ARPHeader.m; sourceTree = "<group>"; };
		28B5C5DB27FC0F6100CDB12A /* IPv6Header.h */ = {isa = PBXFileReference; lastKnownFileType = sourcecode.c.h; path = IPv6Header.h; sourceTree = "<group>"; };
		28B5C5DC27FC0F6100CDB12A /* IPv6Header.m */ = {isa = PBXFileReference; lastKnownFileType = sourcecode.c.objc; path = IPv6Header.m; sourceTree = "<group>"; };
		28B5C5DE27FC205D00CDB12A /* TableViewRow.h */ = {isa = PBXFileReference; lastKnownFileType = sourcecode.c.h; path = TableViewRow.h; sourceTree = "<group>"; };
		28B5C5DF27FC205D00CDB12A /* TableViewRow.m */ = {isa = PBXFileReference; lastKnownFileType = sourcecode.c.objc; path = TableViewRow.m; sourceTree = "<group>"; };
		28CC68C727F49A5900942CC0 /* SharedData.h */ = {isa = PBXFileReference; lastKnownFileType = sourcecode.c.h; path = SharedData.h; sourceTree = "<group>"; };
		28CC68C827F49A5900942CC0 /* SharedData.m */ = {isa = PBXFileReference; lastKnownFileType = sourcecode.c.objc; path = SharedData.m; sourceTree = "<group>"; };
		28CC68CA27F4A32B00942CC0 /* MainController.h */ = {isa = PBXFileReference; lastKnownFileType = sourcecode.c.h; path = MainController.h; sourceTree = "<group>"; };
		28CC68CB27F4A32B00942CC0 /* MainController.m */ = {isa = PBXFileReference; lastKnownFileType = sourcecode.c.objc; path = MainController.m; sourceTree = "<group>"; };
/* End PBXFileReference section */

/* Begin PBXFrameworksBuildPhase section */
		289935B227F0B73F00E1BAB8 /* Frameworks */ = {
			isa = PBXFrameworksBuildPhase;
			buildActionMask = 2147483647;
			files = (
				280CD4FF27F9A086005BB205 /* Cocoa.framework in Frameworks */,
				280CD4C727F8768F005BB205 /* libpcap.tbd in Frameworks */,
				280CD4C827F8768F005BB205 /* libpcap.A.tbd in Frameworks */,
			);
			runOnlyForDeploymentPostprocessing = 0;
		};
/* End PBXFrameworksBuildPhase section */

/* Begin PBXGroup section */
		280CD4C427F8768E005BB205 /* Frameworks */ = {
			isa = PBXGroup;
			children = (
				280CD51E27F9A47E005BB205 /* Foundation.framework */,
				280CD4FE27F9A086005BB205 /* Cocoa.framework */,
				280CD4D527F975C1005BB205 /* Security.framework */,
				280CD4D327F97581005BB205 /* ServiceManagement.framework */,
				280CD4C627F8768F005BB205 /* libpcap.A.tbd */,
				280CD4C527F8768F005BB205 /* libpcap.tbd */,
				288F70FD27F9E64E0095806D /* AppleScriptObjC.framework */,
			);
			name = Frameworks;
			sourceTree = "<group>";
		};
		28859D4327FC6D52001505A5 /* ViewDelegate */ = {
			isa = PBXGroup;
			children = (
				28859D4427FC6D98001505A5 /* InfoDelegate.h */,
				28859D4827FD74A0001505A5 /* ItemDelegate.h */,
			);
			path = ViewDelegate;
			sourceTree = "<group>";
		};
		289935AC27F0B73F00E1BAB8 = {
			isa = PBXGroup;
			children = (
				289935B727F0B73F00E1BAB8 /* Sniffer */,
				289935B627F0B73F00E1BAB8 /* Products */,
				280CD4C427F8768E005BB205 /* Frameworks */,
			);
			sourceTree = "<group>";
		};
		289935B627F0B73F00E1BAB8 /* Products */ = {
			isa = PBXGroup;
			children = (
				289935B527F0B73F00E1BAB8 /* Sniffer.app */,
			);
			name = Products;
			sourceTree = "<group>";
		};
		289935B727F0B73F00E1BAB8 /* Sniffer */ = {
			isa = PBXGroup;
			children = (
				28859D4327FC6D52001505A5 /* ViewDelegate */,
				28B5C5BE27FB14F200CDB12A /* PackegeUtils */,
				28B5C5BD27FB065700CDB12A /* Entity */,
				28B5C5B927FAE22A00CDB12A /* ProtocolHeader */,
				289935B827F0B73F00E1BAB8 /* AppDelegate.h */,
				289935B927F0B73F00E1BAB8 /* AppDelegate.m */,
				28CC68CA27F4A32B00942CC0 /* MainController.h */,
				28CC68CB27F4A32B00942CC0 /* MainController.m */,
				280CD4C127F86EC1005BB205 /* DevTableViewController.h */,
				280CD4C227F86EC1005BB205 /* DevTableViewController.m */,
				289935C027F0B74100E1BAB8 /* main.m */,
				289935C227F0B74100E1BAB8 /* Sniffer.entitlements */,
				2899362527F1AC5700E1BAB8 /* TableViewController.h */,
				2899362627F1AC5700E1BAB8 /* TableViewController.m */,
				2899362B27F2E6CE00E1BAB8 /* OutlineViewController.h */,
				2899362C27F2E6CE00E1BAB8 /* OutlineViewController.m */,
				28CC68C727F49A5900942CC0 /* SharedData.h */,
				28CC68C827F49A5900942CC0 /* SharedData.m */,
				289935BD27F0B74100E1BAB8 /* MainMenu.xib */,
				280CD4B127F83B98005BB205 /* StartWindow.xib */,
				289935BB27F0B74100E1BAB8 /* Assets.xcassets */,
			);
			path = Sniffer;
			sourceTree = "<group>";
		};
		28B5C5B927FAE22A00CDB12A /* ProtocolHeader */ = {
			isa = PBXGroup;
			children = (
				28B5C5AD27FAA1BD00CDB12A /* IPHeader.h */,
				28B5C5AE27FAA1BD00CDB12A /* IPHeader.m */,
				28B5C5B027FAD38100CDB12A /* TcpHeader.h */,
				28B5C5B127FAD38100CDB12A /* TcpHeader.m */,
				28B5C5B327FAD8B300CDB12A /* EthernetHeader.h */,
				28B5C5B427FAD8B300CDB12A /* EthernetHeader.m */,
				28B5C5B627FAE22000CDB12A /* UDPHeader.h */,
				28B5C5B727FAE22100CDB12A /* UDPHeader.m */,
				28B5C5C227FB27FB00CDB12A /* TCPTimeStampOption.h */,
				28B5C5C327FB27FB00CDB12A /* TCPTimeStampOption.m */,
				28B5C5D827FBFFD500CDB12A /* ARPHeader.h */,
				28B5C5D927FBFFD500CDB12A /* ARPHeader.m */,
				28B5C5DB27FC0F6100CDB12A /* IPv6Header.h */,
				28B5C5DC27FC0F6100CDB12A /* IPv6Header.m */,
				28556C6027FE9E8C00C0965A /* ICMPHeader.h */,
				28556C6127FE9E8C00C0965A /* ICMPHeader.m */,
				284A1B5928002A3F00BDDB04 /* HttpHeader.h */,
				284A1B5A28002A3F00BDDB04 /* HttpHeader.m */,
			);
			path = ProtocolHeader;
			sourceTree = "<group>";
		};
		28B5C5BD27FB065700CDB12A /* Entity */ = {
			isa = PBXGroup;
			children = (
				28556C5D27FDD99F00C0965A /* Data.h */,
				28556C5E27FDD99F00C0965A /* Data.m */,
				28556C5A27FDD63D00C0965A /* Device.h */,
				28556C5B27FDD63D00C0965A /* Device.m */,
				28B5C5DE27FC205D00CDB12A /* TableViewRow.h */,
				28B5C5DF27FC205D00CDB12A /* TableViewRow.m */,
				28859D4527FD73DC001505A5 /* OutLineViewItem.h */,
				28859D4627FD73DC001505A5 /* OutLineViewItem.m */,
			);
			path = Entity;
			sourceTree = "<group>";
		};
		28B5C5BE27FB14F200CDB12A /* PackegeUtils */ = {
			isa = PBXGroup;
			children = (
				28B5C5BF27FB156300CDB12A /* PackegeUtils.h */,
			);
			path = PackegeUtils;
			sourceTree = "<group>";
		};
/* End PBXGroup section */

/* Begin PBXNativeTarget section */
		289935B427F0B73F00E1BAB8 /* Sniffer */ = {
			isa = PBXNativeTarget;
			buildConfigurationList = 289935DB27F0B74200E1BAB8 /* Build configuration list for PBXNativeTarget "Sniffer" */;
			buildPhases = (
				289935B127F0B73F00E1BAB8 /* Sources */,
				289935B227F0B73F00E1BAB8 /* Frameworks */,
				289935B327F0B73F00E1BAB8 /* Resources */,
				280CD4EE27F99E56005BB205 /* Copy Files */,
			);
			buildRules = (
			);
			dependencies = (
			);
			name = Sniffer;
			productName = Sniffer;
			productReference = 289935B527F0B73F00E1BAB8 /* Sniffer.app */;
			productType = "com.apple.product-type.application";
		};
/* End PBXNativeTarget section */

/* Begin PBXProject section */
		289935AD27F0B73F00E1BAB8 /* Project object */ = {
			isa = PBXProject;
			attributes = {
				BuildIndependentTargetsInParallel = 1;
				LastUpgradeCheck = 1320;
				TargetAttributes = {
					289935B427F0B73F00E1BAB8 = {
						CreatedOnToolsVersion = 13.2.1;
					};
				};
			};
			buildConfigurationList = 289935B027F0B73F00E1BAB8 /* Build configuration list for PBXProject "Sniffer" */;
			compatibilityVersion = "Xcode 13.0";
			developmentRegion = en;
			hasScannedForEncodings = 0;
			knownRegions = (
				en,
				Base,
			);
			mainGroup = 289935AC27F0B73F00E1BAB8;
			productRefGroup = 289935B627F0B73F00E1BAB8 /* Products */;
			projectDirPath = "";
			projectRoot = "";
			targets = (
				289935B427F0B73F00E1BAB8 /* Sniffer */,
			);
		};
/* End PBXProject section */

/* Begin PBXResourcesBuildPhase section */
		289935B327F0B73F00E1BAB8 /* Resources */ = {
			isa = PBXResourcesBuildPhase;
			buildActionMask = 2147483647;
			files = (
				289935BC27F0B74100E1BAB8 /* Assets.xcassets in Resources */,
				280CD4B227F83B98005BB205 /* StartWindow.xib in Resources */,
				289935BF27F0B74100E1BAB8 /* MainMenu.xib in Resources */,
			);
			runOnlyForDeploymentPostprocessing = 0;
		};
/* End PBXResourcesBuildPhase section */

/* Begin PBXSourcesBuildPhase section */
		289935B127F0B73F00E1BAB8 /* Sources */ = {
			isa = PBXSourcesBuildPhase;
			buildActionMask = 2147483647;
			files = (
				28CC68C927F49A5900942CC0 /* SharedData.m in Sources */,
				289935C127F0B74100E1BAB8 /* main.m in Sources */,
				28B5C5DA27FBFFD500CDB12A /* ARPHeader.m in Sources */,
				28B5C5AF27FAA1BD00CDB12A /* IPHeader.m in Sources */,
				28B5C5C427FB27FB00CDB12A /* TCPTimeStampOption.m in Sources */,
				28B5C5B227FAD38100CDB12A /* TcpHeader.m in Sources */,
				28CC68CC27F4A32B00942CC0 /* MainController.m in Sources */,
				28B5C5DD27FC0F6100CDB12A /* IPv6Header.m in Sources */,
				28859D4727FD73DC001505A5 /* OutLineViewItem.m in Sources */,
				28B5C5B527FAD8B300CDB12A /* EthernetHeader.m in Sources */,
				28556C5C27FDD63D00C0965A /* Device.m in Sources */,
				2899362D27F2E6CE00E1BAB8 /* OutlineViewController.m in Sources */,
				28556C6227FE9E8C00C0965A /* ICMPHeader.m in Sources */,
				280CD4C327F86EC1005BB205 /* DevTableViewController.m in Sources */,
				28B5C5E027FC205D00CDB12A /* TableViewRow.m in Sources */,
				289935BA27F0B73F00E1BAB8 /* AppDelegate.m in Sources */,
				284A1B5B28002A3F00BDDB04 /* HttpHeader.m in Sources */,
				28556C5F27FDD99F00C0965A /* Data.m in Sources */,
				2899362727F1AC5700E1BAB8 /* TableViewController.m in Sources */,
				28B5C5B827FAE22100CDB12A /* UDPHeader.m in Sources */,
			);
			runOnlyForDeploymentPostprocessing = 0;
		};
/* End PBXSourcesBuildPhase section */

/* Begin PBXVariantGroup section */
		289935BD27F0B74100E1BAB8 /* MainMenu.xib */ = {
			isa = PBXVariantGroup;
			children = (
				289935BE27F0B74100E1BAB8 /* Base */,
			);
			name = MainMenu.xib;
			sourceTree = "<group>";
		};
/* End PBXVariantGroup section */

/* Begin XCBuildConfiguration section */
		289935D927F0B74200E1BAB8 /* Debug */ = {
			isa = XCBuildConfiguration;
			buildSettings = {
				ALWAYS_SEARCH_USER_PATHS = NO;
				CLANG_ANALYZER_NONNULL = YES;
				CLANG_ANALYZER_NUMBER_OBJECT_CONVERSION = YES_AGGRESSIVE;
				CLANG_CXX_LANGUAGE_STANDARD = "gnu++17";
				CLANG_CXX_LIBRARY = "libc++";
				CLANG_ENABLE_MODULES = YES;
				CLANG_ENABLE_OBJC_ARC = YES;
				CLANG_ENABLE_OBJC_WEAK = YES;
				CLANG_WARN_BLOCK_CAPTURE_AUTORELEASING = YES;
				CLANG_WARN_BOOL_CONVERSION = YES;
				CLANG_WARN_COMMA = YES;
				CLANG_WARN_CONSTANT_CONVERSION = YES;
				CLANG_WARN_DEPRECATED_OBJC_IMPLEMENTATIONS = YES;
				CLANG_WARN_DIRECT_OBJC_ISA_USAGE = YES_ERROR;
				CLANG_WARN_DOCUMENTATION_COMMENTS = YES;
				CLANG_WARN_EMPTY_BODY = YES;
				CLANG_WARN_ENUM_CONVERSION = YES;
				CLANG_WARN_INFINITE_RECURSION = YES;
				CLANG_WARN_INT_CONVERSION = YES;
				CLANG_WARN_NON_LITERAL_NULL_CONVERSION = YES;
				CLANG_WARN_OBJC_IMPLICIT_RETAIN_SELF = YES;
				CLANG_WARN_OBJC_LITERAL_CONVERSION = YES;
				CLANG_WARN_OBJC_ROOT_CLASS = YES_ERROR;
				CLANG_WARN_QUOTED_INCLUDE_IN_FRAMEWORK_HEADER = YES;
				CLANG_WARN_RANGE_LOOP_ANALYSIS = YES;
				CLANG_WARN_STRICT_PROTOTYPES = YES;
				CLANG_WARN_SUSPICIOUS_MOVE = YES;
				CLANG_WARN_UNGUARDED_AVAILABILITY = YES_AGGRESSIVE;
				CLANG_WARN_UNREACHABLE_CODE = YES;
				CLANG_WARN__DUPLICATE_METHOD_MATCH = YES;
				COPY_PHASE_STRIP = NO;
				DEBUG_INFORMATION_FORMAT = dwarf;
				ENABLE_STRICT_OBJC_MSGSEND = YES;
				ENABLE_TESTABILITY = YES;
				GCC_C_LANGUAGE_STANDARD = gnu11;
				GCC_DYNAMIC_NO_PIC = NO;
				GCC_NO_COMMON_BLOCKS = YES;
				GCC_OPTIMIZATION_LEVEL = 0;
				GCC_PREPROCESSOR_DEFINITIONS = (
					"DEBUG=1",
					"$(inherited)",
				);
				GCC_WARN_64_TO_32_BIT_CONVERSION = YES;
				GCC_WARN_ABOUT_RETURN_TYPE = YES_ERROR;
				GCC_WARN_UNDECLARED_SELECTOR = YES;
				GCC_WARN_UNINITIALIZED_AUTOS = YES_AGGRESSIVE;
				GCC_WARN_UNUSED_FUNCTION = YES;
				GCC_WARN_UNUSED_VARIABLE = YES;
				MACOSX_DEPLOYMENT_TARGET = 12.1;
				MTL_ENABLE_DEBUG_INFO = INCLUDE_SOURCE;
				MTL_FAST_MATH = YES;
				ONLY_ACTIVE_ARCH = YES;
				SDKROOT = macosx;
			};
			name = Debug;
		};
		289935DA27F0B74200E1BAB8 /* Release */ = {
			isa = XCBuildConfiguration;
			buildSettings = {
				ALWAYS_SEARCH_USER_PATHS = NO;
				CLANG_ANALYZER_NONNULL = YES;
				CLANG_ANALYZER_NUMBER_OBJECT_CONVERSION = YES_AGGRESSIVE;
				CLANG_CXX_LANGUAGE_STANDARD = "gnu++17";
				CLANG_CXX_LIBRARY = "libc++";
				CLANG_ENABLE_MODULES = YES;
				CLANG_ENABLE_OBJC_ARC = YES;
				CLANG_ENABLE_OBJC_WEAK = YES;
				CLANG_WARN_BLOCK_CAPTURE_AUTORELEASING = YES;
				CLANG_WARN_BOOL_CONVERSION = YES;
				CLANG_WARN_COMMA = YES;
				CLANG_WARN_CONSTANT_CONVERSION = YES;
				CLANG_WARN_DEPRECATED_OBJC_IMPLEMENTATIONS = YES;
				CLANG_WARN_DIRECT_OBJC_ISA_USAGE = YES_ERROR;
				CLANG_WARN_DOCUMENTATION_COMMENTS = YES;
				CLANG_WARN_EMPTY_BODY = YES;
				CLANG_WARN_ENUM_CONVERSION = YES;
				CLANG_WARN_INFINITE_RECURSION = YES;
				CLANG_WARN_INT_CONVERSION = YES;
				CLANG_WARN_NON_LITERAL_NULL_CONVERSION = YES;
				CLANG_WARN_OBJC_IMPLICIT_RETAIN_SELF = YES;
				CLANG_WARN_OBJC_LITERAL_CONVERSION = YES;
				CLANG_WARN_OBJC_ROOT_CLASS = YES_ERROR;
				CLANG_WARN_QUOTED_INCLUDE_IN_FRAMEWORK_HEADER = YES;
				CLANG_WARN_RANGE_LOOP_ANALYSIS = YES;
				CLANG_WARN_STRICT_PROTOTYPES = YES;
				CLANG_WARN_SUSPICIOUS_MOVE = YES;
				CLANG_WARN_UNGUARDED_AVAILABILITY = YES_AGGRESSIVE;
				CLANG_WARN_UNREACHABLE_CODE = YES;
				CLANG_WARN__DUPLICATE_METHOD_MATCH = YES;
				COPY_PHASE_STRIP = NO;
				DEBUG_INFORMATION_FORMAT = "dwarf-with-dsym";
				ENABLE_NS_ASSERTIONS = NO;
				ENABLE_STRICT_OBJC_MSGSEND = YES;
				GCC_C_LANGUAGE_STANDARD = gnu11;
				GCC_NO_COMMON_BLOCKS = YES;
				GCC_WARN_64_TO_32_BIT_CONVERSION = YES;
				GCC_WARN_ABOUT_RETURN_TYPE = YES_ERROR;
				GCC_WARN_UNDECLARED_SELECTOR = YES;
				GCC_WARN_UNINITIALIZED_AUTOS = YES_AGGRESSIVE;
				GCC_WARN_UNUSED_FUNCTION = YES;
				GCC_WARN_UNUSED_VARIABLE = YES;
				MACOSX_DEPLOYMENT_TARGET = 12.1;
				MTL_ENABLE_DEBUG_INFO = NO;
				MTL_FAST_MATH = YES;
				SDKROOT = macosx;
			};
			name = Release;
		};
		289935DC27F0B74200E1BAB8 /* Debug */ = {
			isa = XCBuildConfiguration;
			buildSettings = {
				ASSETCATALOG_COMPILER_APPICON_NAME = AppIcon;
				ASSETCATALOG_COMPILER_GLOBAL_ACCENT_COLOR_NAME = AccentColor;
				CODE_SIGN_ENTITLEMENTS = Sniffer/Sniffer.entitlements;
				CODE_SIGN_IDENTITY = "-";
				CODE_SIGN_STYLE = Automatic;
				COMBINE_HIDPI_IMAGES = YES;
				CURRENT_PROJECT_VERSION = 1;
				DEVELOPMENT_TEAM = "";
				GENERATE_INFOPLIST_FILE = YES;
				INFOPLIST_FILE = Sniffer/Info.plist;
				INFOPLIST_KEY_NSHumanReadableCopyright = "";
				INFOPLIST_KEY_NSMainNibFile = MainMenu;
				INFOPLIST_KEY_NSPrincipalClass = NSApplication;
				INFOPLIST_KEY_UIUserInterfaceStyle = "";
				LD_RUNPATH_SEARCH_PATHS = (
					"$(inherited)",
					"@executable_path/../Frameworks",
				);
				MARKETING_VERSION = 1.0;
				PRODUCT_BUNDLE_IDENTIFIER = com.dzc.Sniffer.EBAS.App;
				PRODUCT_NAME = "$(TARGET_NAME)";
				SWIFT_EMIT_LOC_STRINGS = YES;
			};
			name = Debug;
		};
		289935DD27F0B74200E1BAB8 /* Release */ = {
			isa = XCBuildConfiguration;
			buildSettings = {
				ASSETCATALOG_COMPILER_APPICON_NAME = AppIcon;
				ASSETCATALOG_COMPILER_GLOBAL_ACCENT_COLOR_NAME = AccentColor;
				CODE_SIGN_ENTITLEMENTS = Sniffer/Sniffer.entitlements;
				CODE_SIGN_IDENTITY = "-";
				CODE_SIGN_STYLE = Automatic;
				COMBINE_HIDPI_IMAGES = YES;
				CURRENT_PROJECT_VERSION = 1;
				DEVELOPMENT_TEAM = "";
				GENERATE_INFOPLIST_FILE = YES;
				INFOPLIST_FILE = Sniffer/Info.plist;
				INFOPLIST_KEY_NSHumanReadableCopyright = "";
				INFOPLIST_KEY_NSMainNibFile = MainMenu;
				INFOPLIST_KEY_NSPrincipalClass = NSApplication;
				INFOPLIST_KEY_UIUserInterfaceStyle = "";
				LD_RUNPATH_SEARCH_PATHS = (
					"$(inherited)",
					"@executable_path/../Frameworks",
				);
				MARKETING_VERSION = 1.0;
				PRODUCT_BUNDLE_IDENTIFIER = com.dzc.Sniffer.EBAS.App;
				PRODUCT_NAME = "$(TARGET_NAME)";
				SWIFT_EMIT_LOC_STRINGS = YES;
			};
			name = Release;
		};
/* End XCBuildConfiguration section */

/* Begin XCConfigurationList section */
		289935B027F0B73F00E1BAB8 /* Build configuration list for PBXProject "Sniffer" */ = {
			isa = XCConfigurationList;
			buildConfigurations = (
				289935D927F0B74200E1BAB8 /* Debug */,
				289935DA27F0B74200E1BAB8 /* Release */,
			);
			defaultConfigurationIsVisible = 0;
			defaultConfigurationName = Release;
		};
		289935DB27F0B74200E1BAB8 /* Build configuration list for PBXNativeTarget "Sniffer" */ = {
			isa = XCConfigurationList;
			buildConfigurations = (
				289935DC27F0B74200E1BAB8 /* Debug */,
				289935DD27F0B74200E1BAB8 /* Release */,
			);
			defaultConfigurationIsVisible = 0;
			defaultConfigurationName = Release;
		};
/* End XCConfigurationList section */
	};
	rootObject = 289935AD27F0B73F00E1BAB8 /* Project object */;
}
